// !$*UTF8*$!
{
	archiveVersion = 1;
	classes = {
	};
	objectVersion = 56;
	objects = {

/* Begin PBXBuildFile section */
		340B853B2C70F06900197E21 /* NetflixMovieCell.swift in Sources */ = {isa = PBXBuildFile; fileRef = 340B853A2C70F06900197E21 /* NetflixMovieCell.swift */; };
		34146EEB2C67B8040049F7C3 /* BumbleHomeView.swift in Sources */ = {isa = PBXBuildFile; fileRef = 34146EEA2C67B8040049F7C3 /* BumbleHomeView.swift */; };
		34146EED2C67BBC80049F7C3 /* BumbleFilterView.swift in Sources */ = {isa = PBXBuildFile; fileRef = 34146EEC2C67BBC80049F7C3 /* BumbleFilterView.swift */; };
		34146EEF2C67C4B60049F7C3 /* BumbleCardView.swift in Sources */ = {isa = PBXBuildFile; fileRef = 34146EEE2C67C4B60049F7C3 /* BumbleCardView.swift */; };
		34146EF12C67C7020049F7C3 /* BumbleHeartView.swift in Sources */ = {isa = PBXBuildFile; fileRef = 34146EF02C67C7020049F7C3 /* BumbleHeartView.swift */; };
		3423BFF92C612484007A366C /* SpotifyPlaylistView.swift in Sources */ = {isa = PBXBuildFile; fileRef = 3423BFF82C612484007A366C /* SpotifyPlaylistView.swift */; };
		3423BFFB2C6124BA007A366C /* PlaylistHeaderCell.swift in Sources */ = {isa = PBXBuildFile; fileRef = 3423BFFA2C6124BA007A366C /* PlaylistHeaderCell.swift */; };
		3423BFFD2C612943007A366C /* PlaylistDescriptionCell.swift in Sources */ = {isa = PBXBuildFile; fileRef = 3423BFFC2C612943007A366C /* PlaylistDescriptionCell.swift */; };
		342EA8F82C6676BD00D595B9 /* UINavigationController.swift in Sources */ = {isa = PBXBuildFile; fileRef = 342EA8F72C6676BD00D595B9 /* UINavigationController.swift */; };
		344FA8342C73A011005B0800 /* ShareButton.swift in Sources */ = {isa = PBXBuildFile; fileRef = 344FA8332C73A011005B0800 /* ShareButton.swift */; };
		347078642C6FA87200F1B9B8 /* NetflixHeroCell.swift in Sources */ = {isa = PBXBuildFile; fileRef = 347078632C6FA87200F1B9B8 /* NetflixHeroCell.swift */; };
		34945B9D2C5E6BC3000CA571 /* SpotifyHomeView.swift in Sources */ = {isa = PBXBuildFile; fileRef = 34945B9C2C5E6BC3000CA571 /* SpotifyHomeView.swift */; };
		34945B9F2C5E76FB000CA571 /* SpotifyCategoryCell.swift in Sources */ = {isa = PBXBuildFile; fileRef = 34945B9E2C5E76FB000CA571 /* SpotifyCategoryCell.swift */; };
		34945BA22C5E78F4000CA571 /* Category.swift in Sources */ = {isa = PBXBuildFile; fileRef = 34945BA12C5E78F4000CA571 /* Category.swift */; };
		34945BA42C5E7F92000CA571 /* SpotifyRecentsCell.swift in Sources */ = {isa = PBXBuildFile; fileRef = 34945BA32C5E7F92000CA571 /* SpotifyRecentsCell.swift */; };
		34945BA72C5E81C7000CA571 /* View.swift in Sources */ = {isa = PBXBuildFile; fileRef = 34945BA62C5E81C7000CA571 /* View.swift */; };
		34945BA92C5E8F14000CA571 /* SpotifyNewReleaseCell.swift in Sources */ = {isa = PBXBuildFile; fileRef = 34945BA82C5E8F14000CA571 /* SpotifyNewReleaseCell.swift */; };
		3499C0B32C74FA22002A2B6B /* BumbleViewModel.swift in Sources */ = {isa = PBXBuildFile; fileRef = 3499C0B22C74FA22002A2B6B /* BumbleViewModel.swift */; };
		34AA3D342C68D3C300D06718 /* InterestPillView.swift in Sources */ = {isa = PBXBuildFile; fileRef = 34AA3D332C68D3C300D06718 /* InterestPillView.swift */; };
		34AA3D362C68D55700D06718 /* InterestPillGridView.swift in Sources */ = {isa = PBXBuildFile; fileRef = 34AA3D352C68D55700D06718 /* InterestPillGridView.swift */; };
		34B7E2102C5FDA1F008D253B /* ImageTitleRowCell.swift in Sources */ = {isa = PBXBuildFile; fileRef = 34B7E20F2C5FDA1F008D253B /* ImageTitleRowCell.swift */; };
		34BA16EE2C62847900DC1FBC /* SongRowCell.swift in Sources */ = {isa = PBXBuildFile; fileRef = 34BA16ED2C62847900DC1FBC /* SongRowCell.swift */; };
		34C9108D2C724FFC0064DE25 /* NetflixDetailView.swift in Sources */ = {isa = PBXBuildFile; fileRef = 34C9108C2C724FFC0064DE25 /* NetflixDetailView.swift */; };
		34C9108F2C7250900064DE25 /* NetflixDetailHeaderView.swift in Sources */ = {isa = PBXBuildFile; fileRef = 34C9108E2C7250900064DE25 /* NetflixDetailHeaderView.swift */; };
		34C910912C72549A0064DE25 /* NetflixDetailProductView.swift in Sources */ = {isa = PBXBuildFile; fileRef = 34C910902C72549A0064DE25 /* NetflixDetailProductView.swift */; };
		34C910932C7260450064DE25 /* MyListButton.swift in Sources */ = {isa = PBXBuildFile; fileRef = 34C910922C7260450064DE25 /* MyListButton.swift */; };
		34C910952C7263380064DE25 /* RateButton.swift in Sources */ = {isa = PBXBuildFile; fileRef = 34C910942C7263380064DE25 /* RateButton.swift */; };
		34D916E22C5D36BB00A8662C /* SpotifyMockApp.swift in Sources */ = {isa = PBXBuildFile; fileRef = 34D916E12C5D36BB00A8662C /* SpotifyMockApp.swift */; };
		34D916E42C5D36BB00A8662C /* ContentView.swift in Sources */ = {isa = PBXBuildFile; fileRef = 34D916E32C5D36BB00A8662C /* ContentView.swift */; };
		34D916E62C5D36BC00A8662C /* Assets.xcassets in Resources */ = {isa = PBXBuildFile; fileRef = 34D916E52C5D36BC00A8662C /* Assets.xcassets */; };
		34D916E92C5D36BC00A8662C /* Preview Assets.xcassets in Resources */ = {isa = PBXBuildFile; fileRef = 34D916E82C5D36BC00A8662C /* Preview Assets.xcassets */; };
		34D916F12C5D37A500A8662C /* SDWebImageSwiftUI in Frameworks */ = {isa = PBXBuildFile; productRef = 34D916F02C5D37A500A8662C /* SDWebImageSwiftUI */; };
		34D916F42C5D37DD00A8662C /* ImageLoaderView.swift in Sources */ = {isa = PBXBuildFile; fileRef = 34D916F32C5D37DD00A8662C /* ImageLoaderView.swift */; };
		34D916F62C5D382E00A8662C /* Constants.swift in Sources */ = {isa = PBXBuildFile; fileRef = 34D916F52C5D382D00A8662C /* Constants.swift */; };
		34D916F82C5D3A1200A8662C /* DatabaseHelper.swift in Sources */ = {isa = PBXBuildFile; fileRef = 34D916F72C5D3A1200A8662C /* DatabaseHelper.swift */; };
		34D916FA2C5D3CE900A8662C /* Product.swift in Sources */ = {isa = PBXBuildFile; fileRef = 34D916F92C5D3CE900A8662C /* Product.swift */; };
		34D916FC2C5D3CFE00A8662C /* User.swift in Sources */ = {isa = PBXBuildFile; fileRef = 34D916FB2C5D3CFE00A8662C /* User.swift */; };
		34D916FF2C5D3FC500A8662C /* SwiftfulUI in Frameworks */ = {isa = PBXBuildFile; productRef = 34D916FE2C5D3FC500A8662C /* SwiftfulUI */; };
		34D917022C5D3FE100A8662C /* SwiftfulRouting in Frameworks */ = {isa = PBXBuildFile; productRef = 34D917012C5D3FE100A8662C /* SwiftfulRouting */; };
		34E230302C6E5882008C33F9 /* NetflixHomeView.swift in Sources */ = {isa = PBXBuildFile; fileRef = 34E2302F2C6E5882008C33F9 /* NetflixHomeView.swift */; };
		34E230322C6E5A07008C33F9 /* NetflixFilterCell.swift in Sources */ = {isa = PBXBuildFile; fileRef = 34E230312C6E5A07008C33F9 /* NetflixFilterCell.swift */; };
		34E230342C6E5BAD008C33F9 /* NetflixFilterBarView.swift in Sources */ = {isa = PBXBuildFile; fileRef = 34E230332C6E5BAD008C33F9 /* NetflixFilterBarView.swift */; };
		34E2891E2C6BC09B00EE9A7E /* BumbleProfileImageCell.swift in Sources */ = {isa = PBXBuildFile; fileRef = 34E2891D2C6BC09B00EE9A7E /* BumbleProfileImageCell.swift */; };
		34E289202C6BC36800EE9A7E /* BumbleChatPreviewCell.swift in Sources */ = {isa = PBXBuildFile; fileRef = 34E2891F2C6BC36800EE9A7E /* BumbleChatPreviewCell.swift */; };
		34E289222C6BCA2100EE9A7E /* BumbleChatsView.swift in Sources */ = {isa = PBXBuildFile; fileRef = 34E289212C6BCA2100EE9A7E /* BumbleChatsView.swift */; };
/* End PBXBuildFile section */

/* Begin PBXFileReference section */
		340B853A2C70F06900197E21 /* NetflixMovieCell.swift */ = {isa = PBXFileReference; lastKnownFileType = sourcecode.swift; path = NetflixMovieCell.swift; sourceTree = "<group>"; };
		34146EEA2C67B8040049F7C3 /* BumbleHomeView.swift */ = {isa = PBXFileReference; lastKnownFileType = sourcecode.swift; path = BumbleHomeView.swift; sourceTree = "<group>"; };
		34146EEC2C67BBC80049F7C3 /* BumbleFilterView.swift */ = {isa = PBXFileReference; lastKnownFileType = sourcecode.swift; path = BumbleFilterView.swift; sourceTree = "<group>"; };
		34146EEE2C67C4B60049F7C3 /* BumbleCardView.swift */ = {isa = PBXFileReference; lastKnownFileType = sourcecode.swift; path = BumbleCardView.swift; sourceTree = "<group>"; };
		34146EF02C67C7020049F7C3 /* BumbleHeartView.swift */ = {isa = PBXFileReference; lastKnownFileType = sourcecode.swift; path = BumbleHeartView.swift; sourceTree = "<group>"; };
		3423BFF82C612484007A366C /* SpotifyPlaylistView.swift */ = {isa = PBXFileReference; lastKnownFileType = sourcecode.swift; path = SpotifyPlaylistView.swift; sourceTree = "<group>"; };
		3423BFFA2C6124BA007A366C /* PlaylistHeaderCell.swift */ = {isa = PBXFileReference; lastKnownFileType = sourcecode.swift; path = PlaylistHeaderCell.swift; sourceTree = "<group>"; };
		3423BFFC2C612943007A366C /* PlaylistDescriptionCell.swift */ = {isa = PBXFileReference; lastKnownFileType = sourcecode.swift; path = PlaylistDescriptionCell.swift; sourceTree = "<group>"; };
		342EA8F72C6676BD00D595B9 /* UINavigationController.swift */ = {isa = PBXFileReference; lastKnownFileType = sourcecode.swift; path = UINavigationController.swift; sourceTree = "<group>"; };
		344FA8332C73A011005B0800 /* ShareButton.swift */ = {isa = PBXFileReference; lastKnownFileType = sourcecode.swift; path = ShareButton.swift; sourceTree = "<group>"; };
		347078632C6FA87200F1B9B8 /* NetflixHeroCell.swift */ = {isa = PBXFileReference; lastKnownFileType = sourcecode.swift; path = NetflixHeroCell.swift; sourceTree = "<group>"; };
		34945B9C2C5E6BC3000CA571 /* SpotifyHomeView.swift */ = {isa = PBXFileReference; lastKnownFileType = sourcecode.swift; path = SpotifyHomeView.swift; sourceTree = "<group>"; };
		34945B9E2C5E76FB000CA571 /* SpotifyCategoryCell.swift */ = {isa = PBXFileReference; lastKnownFileType = sourcecode.swift; path = SpotifyCategoryCell.swift; sourceTree = "<group>"; };
		34945BA12C5E78F4000CA571 /* Category.swift */ = {isa = PBXFileReference; lastKnownFileType = sourcecode.swift; path = Category.swift; sourceTree = "<group>"; };
		34945BA32C5E7F92000CA571 /* SpotifyRecentsCell.swift */ = {isa = PBXFileReference; lastKnownFileType = sourcecode.swift; path = SpotifyRecentsCell.swift; sourceTree = "<group>"; };
		34945BA62C5E81C7000CA571 /* View.swift */ = {isa = PBXFileReference; lastKnownFileType = sourcecode.swift; path = View.swift; sourceTree = "<group>"; };
		34945BA82C5E8F14000CA571 /* SpotifyNewReleaseCell.swift */ = {isa = PBXFileReference; lastKnownFileType = sourcecode.swift; path = SpotifyNewReleaseCell.swift; sourceTree = "<group>"; };
		3499C0B22C74FA22002A2B6B /* BumbleViewModel.swift */ = {isa = PBXFileReference; lastKnownFileType = sourcecode.swift; path = BumbleViewModel.swift; sourceTree = "<group>"; };
		34AA3D332C68D3C300D06718 /* InterestPillView.swift */ = {isa = PBXFileReference; lastKnownFileType = sourcecode.swift; path = InterestPillView.swift; sourceTree = "<group>"; };
		34AA3D352C68D55700D06718 /* InterestPillGridView.swift */ = {isa = PBXFileReference; lastKnownFileType = sourcecode.swift; path = InterestPillGridView.swift; sourceTree = "<group>"; };
		34B7E20F2C5FDA1F008D253B /* ImageTitleRowCell.swift */ = {isa = PBXFileReference; lastKnownFileType = sourcecode.swift; path = ImageTitleRowCell.swift; sourceTree = "<group>"; };
		34BA16ED2C62847900DC1FBC /* SongRowCell.swift */ = {isa = PBXFileReference; lastKnownFileType = sourcecode.swift; path = SongRowCell.swift; sourceTree = "<group>"; };
		34C9108C2C724FFC0064DE25 /* NetflixDetailView.swift */ = {isa = PBXFileReference; lastKnownFileType = sourcecode.swift; path = NetflixDetailView.swift; sourceTree = "<group>"; };
		34C9108E2C7250900064DE25 /* NetflixDetailHeaderView.swift */ = {isa = PBXFileReference; lastKnownFileType = sourcecode.swift; path = NetflixDetailHeaderView.swift; sourceTree = "<group>"; };
		34C910902C72549A0064DE25 /* NetflixDetailProductView.swift */ = {isa = PBXFileReference; lastKnownFileType = sourcecode.swift; path = NetflixDetailProductView.swift; sourceTree = "<group>"; };
		34C910922C7260450064DE25 /* MyListButton.swift */ = {isa = PBXFileReference; lastKnownFileType = sourcecode.swift; path = MyListButton.swift; sourceTree = "<group>"; };
		34C910942C7263380064DE25 /* RateButton.swift */ = {isa = PBXFileReference; lastKnownFileType = sourcecode.swift; path = RateButton.swift; sourceTree = "<group>"; };
		34D916DE2C5D36BB00A8662C /* SpotifyMock.app */ = {isa = PBXFileReference; explicitFileType = wrapper.application; includeInIndex = 0; path = SpotifyMock.app; sourceTree = BUILT_PRODUCTS_DIR; };
		34D916E12C5D36BB00A8662C /* SpotifyMockApp.swift */ = {isa = PBXFileReference; lastKnownFileType = sourcecode.swift; path = SpotifyMockApp.swift; sourceTree = "<group>"; };
		34D916E32C5D36BB00A8662C /* ContentView.swift */ = {isa = PBXFileReference; lastKnownFileType = sourcecode.swift; path = ContentView.swift; sourceTree = "<group>"; };
		34D916E52C5D36BC00A8662C /* Assets.xcassets */ = {isa = PBXFileReference; lastKnownFileType = folder.assetcatalog; path = Assets.xcassets; sourceTree = "<group>"; };
		34D916E82C5D36BC00A8662C /* Preview Assets.xcassets */ = {isa = PBXFileReference; lastKnownFileType = folder.assetcatalog; path = "Preview Assets.xcassets"; sourceTree = "<group>"; };
		34D916F32C5D37DD00A8662C /* ImageLoaderView.swift */ = {isa = PBXFileReference; lastKnownFileType = sourcecode.swift; path = ImageLoaderView.swift; sourceTree = "<group>"; };
		34D916F52C5D382D00A8662C /* Constants.swift */ = {isa = PBXFileReference; lastKnownFileType = sourcecode.swift; path = Constants.swift; sourceTree = "<group>"; };
		34D916F72C5D3A1200A8662C /* DatabaseHelper.swift */ = {isa = PBXFileReference; lastKnownFileType = sourcecode.swift; path = DatabaseHelper.swift; sourceTree = "<group>"; };
		34D916F92C5D3CE900A8662C /* Product.swift */ = {isa = PBXFileReference; lastKnownFileType = sourcecode.swift; path = Product.swift; sourceTree = "<group>"; };
		34D916FB2C5D3CFE00A8662C /* User.swift */ = {isa = PBXFileReference; lastKnownFileType = sourcecode.swift; path = User.swift; sourceTree = "<group>"; };
		34E2302F2C6E5882008C33F9 /* NetflixHomeView.swift */ = {isa = PBXFileReference; lastKnownFileType = sourcecode.swift; path = NetflixHomeView.swift; sourceTree = "<group>"; };
		34E230312C6E5A07008C33F9 /* NetflixFilterCell.swift */ = {isa = PBXFileReference; lastKnownFileType = sourcecode.swift; path = NetflixFilterCell.swift; sourceTree = "<group>"; };
		34E230332C6E5BAD008C33F9 /* NetflixFilterBarView.swift */ = {isa = PBXFileReference; lastKnownFileType = sourcecode.swift; path = NetflixFilterBarView.swift; sourceTree = "<group>"; };
		34E2891D2C6BC09B00EE9A7E /* BumbleProfileImageCell.swift */ = {isa = PBXFileReference; lastKnownFileType = sourcecode.swift; path = BumbleProfileImageCell.swift; sourceTree = "<group>"; };
		34E2891F2C6BC36800EE9A7E /* BumbleChatPreviewCell.swift */ = {isa = PBXFileReference; lastKnownFileType = sourcecode.swift; path = BumbleChatPreviewCell.swift; sourceTree = "<group>"; };
		34E289212C6BCA2100EE9A7E /* BumbleChatsView.swift */ = {isa = PBXFileReference; lastKnownFileType = sourcecode.swift; path = BumbleChatsView.swift; sourceTree = "<group>"; };
/* End PBXFileReference section */

/* Begin PBXFrameworksBuildPhase section */
		34D916DB2C5D36BB00A8662C /* Frameworks */ = {
			isa = PBXFrameworksBuildPhase;
			buildActionMask = 2147483647;
			files = (
				34D916FF2C5D3FC500A8662C /* SwiftfulUI in Frameworks */,
				34D917022C5D3FE100A8662C /* SwiftfulRouting in Frameworks */,
				34D916F12C5D37A500A8662C /* SDWebImageSwiftUI in Frameworks */,
			);
			runOnlyForDeploymentPostprocessing = 0;
		};
/* End PBXFrameworksBuildPhase section */

/* Begin PBXGroup section */
		34146EE72C67B6CD0049F7C3 /* Bumble */ = {
			isa = PBXGroup;
			children = (
				34146EE82C67B7E80049F7C3 /* Components */,
				34146EE92C67B7F00049F7C3 /* Core */,
			);
			path = Bumble;
			sourceTree = "<group>";
		};
		34146EE82C67B7E80049F7C3 /* Components */ = {
			isa = PBXGroup;
			children = (
				34146EEE2C67C4B60049F7C3 /* BumbleCardView.swift */,
				34E2891F2C6BC36800EE9A7E /* BumbleChatPreviewCell.swift */,
				34146EEC2C67BBC80049F7C3 /* BumbleFilterView.swift */,
				34146EF02C67C7020049F7C3 /* BumbleHeartView.swift */,
				34AA3D332C68D3C300D06718 /* InterestPillView.swift */,
				34AA3D352C68D55700D06718 /* InterestPillGridView.swift */,
				34E2891D2C6BC09B00EE9A7E /* BumbleProfileImageCell.swift */,
			);
			path = Components;
			sourceTree = "<group>";
		};
		34146EE92C67B7F00049F7C3 /* Core */ = {
			isa = PBXGroup;
			children = (
				34E289212C6BCA2100EE9A7E /* BumbleChatsView.swift */,
				34146EEA2C67B8040049F7C3 /* BumbleHomeView.swift */,
				3499C0B22C74FA22002A2B6B /* BumbleViewModel.swift */,
			);
			path = Core;
			sourceTree = "<group>";
		};
		34945B992C5E6BA2000CA571 /* Spotify */ = {
			isa = PBXGroup;
			children = (
				34945BA02C5E78E6000CA571 /* Models */,
				34945B9A2C5E6BAA000CA571 /* Components */,
				34945B9B2C5E6BB3000CA571 /* Core */,
			);
			path = Spotify;
			sourceTree = "<group>";
		};
		34945B9A2C5E6BAA000CA571 /* Components */ = {
			isa = PBXGroup;
			children = (
				34B7E20F2C5FDA1F008D253B /* ImageTitleRowCell.swift */,
				3423BFFA2C6124BA007A366C /* PlaylistHeaderCell.swift */,
				3423BFFC2C612943007A366C /* PlaylistDescriptionCell.swift */,
				34945B9E2C5E76FB000CA571 /* SpotifyCategoryCell.swift */,
				34945BA32C5E7F92000CA571 /* SpotifyRecentsCell.swift */,
				34945BA82C5E8F14000CA571 /* SpotifyNewReleaseCell.swift */,
				34BA16ED2C62847900DC1FBC /* SongRowCell.swift */,
			);
			path = Components;
			sourceTree = "<group>";
		};
		34945B9B2C5E6BB3000CA571 /* Core */ = {
			isa = PBXGroup;
			children = (
				34945B9C2C5E6BC3000CA571 /* SpotifyHomeView.swift */,
				3423BFF82C612484007A366C /* SpotifyPlaylistView.swift */,
			);
			path = Core;
			sourceTree = "<group>";
		};
		34945BA02C5E78E6000CA571 /* Models */ = {
			isa = PBXGroup;
			children = (
				34945BA12C5E78F4000CA571 /* Category.swift */,
			);
			path = Models;
			sourceTree = "<group>";
		};
		34945BA52C5E81A2000CA571 /* Extensions */ = {
			isa = PBXGroup;
			children = (
				34945BA62C5E81C7000CA571 /* View.swift */,
				342EA8F72C6676BD00D595B9 /* UINavigationController.swift */,
			);
			path = Extensions;
			sourceTree = "<group>";
		};
		349B97F92C77A1ED00E90872 /* Models */ = {
			isa = PBXGroup;
			children = (
				34D916F92C5D3CE900A8662C /* Product.swift */,
				34D916FB2C5D3CFE00A8662C /* User.swift */,
			);
			path = Models;
			sourceTree = "<group>";
		};
		34D916D52C5D36BB00A8662C = {
			isa = PBXGroup;
			children = (
				34D916E02C5D36BB00A8662C /* SpotifyMock */,
				34D916DF2C5D36BB00A8662C /* Products */,
			);
			sourceTree = "<group>";
		};
		34D916DF2C5D36BB00A8662C /* Products */ = {
			isa = PBXGroup;
			children = (
				34D916DE2C5D36BB00A8662C /* SpotifyMock.app */,
			);
			name = Products;
			sourceTree = "<group>";
		};
		34D916E02C5D36BB00A8662C /* SpotifyMock */ = {
			isa = PBXGroup;
			children = (
				34D916E12C5D36BB00A8662C /* SpotifyMockApp.swift */,
				34D916E32C5D36BB00A8662C /* ContentView.swift */,
				34945BA52C5E81A2000CA571 /* Extensions */,
				34E2302C2C6E56E9008C33F9 /* Netflix */,
				34146EE72C67B6CD0049F7C3 /* Bumble */,
				34945B992C5E6BA2000CA571 /* Spotify */,
				34D916F22C5D37C000A8662C /* Shared */,
				34D916E52C5D36BC00A8662C /* Assets.xcassets */,
				34D916E72C5D36BC00A8662C /* Preview Content */,
			);
			path = SpotifyMock;
			sourceTree = "<group>";
		};
		34D916E72C5D36BC00A8662C /* Preview Content */ = {
			isa = PBXGroup;
			children = (
				34D916E82C5D36BC00A8662C /* Preview Assets.xcassets */,
			);
			path = "Preview Content";
			sourceTree = "<group>";
		};
		34D916F22C5D37C000A8662C /* Shared */ = {
			isa = PBXGroup;
			children = (
				34D916F52C5D382D00A8662C /* Constants.swift */,
				34D916F72C5D3A1200A8662C /* DatabaseHelper.swift */,
				34D916F32C5D37DD00A8662C /* ImageLoaderView.swift */,
				349B97F92C77A1ED00E90872 /* Models */,
			);
			path = Shared;
			sourceTree = "<group>";
		};
		34E2302C2C6E56E9008C33F9 /* Netflix */ = {
			isa = PBXGroup;
			children = (
				34E2302D2C6E56F6008C33F9 /* Components */,
				34E2302E2C6E56FC008C33F9 /* Core */,
			);
			path = Netflix;
			sourceTree = "<group>";
		};
		34E2302D2C6E56F6008C33F9 /* Components */ = {
			isa = PBXGroup;
			children = (
				34C910922C7260450064DE25 /* MyListButton.swift */,
				34C9108E2C7250900064DE25 /* NetflixDetailHeaderView.swift */,
				34C910902C72549A0064DE25 /* NetflixDetailProductView.swift */,
				34E230332C6E5BAD008C33F9 /* NetflixFilterBarView.swift */,
				34E230312C6E5A07008C33F9 /* NetflixFilterCell.swift */,
				347078632C6FA87200F1B9B8 /* NetflixHeroCell.swift */,
				340B853A2C70F06900197E21 /* NetflixMovieCell.swift */,
				34C910942C7263380064DE25 /* RateButton.swift */,
				344FA8332C73A011005B0800 /* ShareButton.swift */,
			);
			path = Components;
			sourceTree = "<group>";
		};
		34E2302E2C6E56FC008C33F9 /* Core */ = {
			isa = PBXGroup;
			children = (
				34C9108C2C724FFC0064DE25 /* NetflixDetailView.swift */,
				34E2302F2C6E5882008C33F9 /* NetflixHomeView.swift */,
			);
			path = Core;
			sourceTree = "<group>";
		};
/* End PBXGroup section */

/* Begin PBXNativeTarget section */
		34D916DD2C5D36BB00A8662C /* SpotifyMock */ = {
			isa = PBXNativeTarget;
			buildConfigurationList = 34D916EC2C5D36BC00A8662C /* Build configuration list for PBXNativeTarget "SpotifyMock" */;
			buildPhases = (
				34D916DA2C5D36BB00A8662C /* Sources */,
				34D916DB2C5D36BB00A8662C /* Frameworks */,
				34D916DC2C5D36BB00A8662C /* Resources */,
			);
			buildRules = (
			);
			dependencies = (
			);
			name = SpotifyMock;
			packageProductDependencies = (
				34D916F02C5D37A500A8662C /* SDWebImageSwiftUI */,
				34D916FE2C5D3FC500A8662C /* SwiftfulUI */,
				34D917012C5D3FE100A8662C /* SwiftfulRouting */,
			);
			productName = SpotifyMock;
			productReference = 34D916DE2C5D36BB00A8662C /* SpotifyMock.app */;
			productType = "com.apple.product-type.application";
		};
/* End PBXNativeTarget section */

/* Begin PBXProject section */
		34D916D62C5D36BB00A8662C /* Project object */ = {
			isa = PBXProject;
			attributes = {
				BuildIndependentTargetsInParallel = 1;
				LastSwiftUpdateCheck = 1540;
				LastUpgradeCheck = 1540;
				TargetAttributes = {
					34D916DD2C5D36BB00A8662C = {
						CreatedOnToolsVersion = 15.4;
					};
				};
			};
			buildConfigurationList = 34D916D92C5D36BB00A8662C /* Build configuration list for PBXProject "SpotifyMock" */;
			compatibilityVersion = "Xcode 14.0";
			developmentRegion = en;
			hasScannedForEncodings = 0;
			knownRegions = (
				en,
				Base,
			);
			mainGroup = 34D916D52C5D36BB00A8662C;
			packageReferences = (
				34D916EF2C5D37A500A8662C /* XCRemoteSwiftPackageReference "SDWebImageSwiftUI" */,
				34D916FD2C5D3FC500A8662C /* XCRemoteSwiftPackageReference "SwiftfulUI" */,
				34D917002C5D3FE100A8662C /* XCRemoteSwiftPackageReference "SwiftfulRouting" */,
			);
			productRefGroup = 34D916DF2C5D36BB00A8662C /* Products */;
			projectDirPath = "";
			projectRoot = "";
			targets = (
				34D916DD2C5D36BB00A8662C /* SpotifyMock */,
			);
		};
/* End PBXProject section */

/* Begin PBXResourcesBuildPhase section */
		34D916DC2C5D36BB00A8662C /* Resources */ = {
			isa = PBXResourcesBuildPhase;
			buildActionMask = 2147483647;
			files = (
				34D916E92C5D36BC00A8662C /* Preview Assets.xcassets in Resources */,
				34D916E62C5D36BC00A8662C /* Assets.xcassets in Resources */,
			);
			runOnlyForDeploymentPostprocessing = 0;
		};
/* End PBXResourcesBuildPhase section */

/* Begin PBXSourcesBuildPhase section */
		34D916DA2C5D36BB00A8662C /* Sources */ = {
			isa = PBXSourcesBuildPhase;
			buildActionMask = 2147483647;
			files = (
				34C9108D2C724FFC0064DE25 /* NetflixDetailView.swift in Sources */,
				34D916F42C5D37DD00A8662C /* ImageLoaderView.swift in Sources */,
				34E289202C6BC36800EE9A7E /* BumbleChatPreviewCell.swift in Sources */,
				34E230322C6E5A07008C33F9 /* NetflixFilterCell.swift in Sources */,
				34B7E2102C5FDA1F008D253B /* ImageTitleRowCell.swift in Sources */,
				34146EEB2C67B8040049F7C3 /* BumbleHomeView.swift in Sources */,
				34C9108F2C7250900064DE25 /* NetflixDetailHeaderView.swift in Sources */,
				34AA3D342C68D3C300D06718 /* InterestPillView.swift in Sources */,
				34945BA22C5E78F4000CA571 /* Category.swift in Sources */,
				340B853B2C70F06900197E21 /* NetflixMovieCell.swift in Sources */,
				34C910932C7260450064DE25 /* MyListButton.swift in Sources */,
				3423BFF92C612484007A366C /* SpotifyPlaylistView.swift in Sources */,
				34E2891E2C6BC09B00EE9A7E /* BumbleProfileImageCell.swift in Sources */,
				342EA8F82C6676BD00D595B9 /* UINavigationController.swift in Sources */,
				34E289222C6BCA2100EE9A7E /* BumbleChatsView.swift in Sources */,
				34945BA92C5E8F14000CA571 /* SpotifyNewReleaseCell.swift in Sources */,
				34146EEF2C67C4B60049F7C3 /* BumbleCardView.swift in Sources */,
				34E230342C6E5BAD008C33F9 /* NetflixFilterBarView.swift in Sources */,
				34BA16EE2C62847900DC1FBC /* SongRowCell.swift in Sources */,
				34C910912C72549A0064DE25 /* NetflixDetailProductView.swift in Sources */,
				34945B9F2C5E76FB000CA571 /* SpotifyCategoryCell.swift in Sources */,
				34D916F82C5D3A1200A8662C /* DatabaseHelper.swift in Sources */,
				34945B9D2C5E6BC3000CA571 /* SpotifyHomeView.swift in Sources */,
				34C910952C7263380064DE25 /* RateButton.swift in Sources */,
				344FA8342C73A011005B0800 /* ShareButton.swift in Sources */,
				34146EED2C67BBC80049F7C3 /* BumbleFilterView.swift in Sources */,
				34E230302C6E5882008C33F9 /* NetflixHomeView.swift in Sources */,
				34D916E42C5D36BB00A8662C /* ContentView.swift in Sources */,
				34AA3D362C68D55700D06718 /* InterestPillGridView.swift in Sources */,
				34D916E22C5D36BB00A8662C /* SpotifyMockApp.swift in Sources */,
				34146EF12C67C7020049F7C3 /* BumbleHeartView.swift in Sources */,
				347078642C6FA87200F1B9B8 /* NetflixHeroCell.swift in Sources */,
				34D916F62C5D382E00A8662C /* Constants.swift in Sources */,
				34945BA72C5E81C7000CA571 /* View.swift in Sources */,
				34945BA42C5E7F92000CA571 /* SpotifyRecentsCell.swift in Sources */,
				3499C0B32C74FA22002A2B6B /* BumbleViewModel.swift in Sources */,
				34D916FA2C5D3CE900A8662C /* Product.swift in Sources */,
				3423BFFB2C6124BA007A366C /* PlaylistHeaderCell.swift in Sources */,
				34D916FC2C5D3CFE00A8662C /* User.swift in Sources */,
				3423BFFD2C612943007A366C /* PlaylistDescriptionCell.swift in Sources */,
			);
			runOnlyForDeploymentPostprocessing = 0;
		};
/* End PBXSourcesBuildPhase section */

/* Begin XCBuildConfiguration section */
		34D916EA2C5D36BC00A8662C /* Debug */ = {
			isa = XCBuildConfiguration;
			buildSettings = {
				ALWAYS_SEARCH_USER_PATHS = NO;
				ASSETCATALOG_COMPILER_GENERATE_SWIFT_ASSET_SYMBOL_EXTENSIONS = YES;
				CLANG_ANALYZER_NONNULL = YES;
				CLANG_ANALYZER_NUMBER_OBJECT_CONVERSION = YES_AGGRESSIVE;
				CLANG_CXX_LANGUAGE_STANDARD = "gnu++20";
				CLANG_ENABLE_MODULES = YES;
				CLANG_ENABLE_OBJC_ARC = YES;
				CLANG_ENABLE_OBJC_WEAK = YES;
				CLANG_WARN_BLOCK_CAPTURE_AUTORELEASING = YES;
				CLANG_WARN_BOOL_CONVERSION = YES;
				CLANG_WARN_COMMA = YES;
				CLANG_WARN_CONSTANT_CONVERSION = YES;
				CLANG_WARN_DEPRECATED_OBJC_IMPLEMENTATIONS = YES;
				CLANG_WARN_DIRECT_OBJC_ISA_USAGE = YES_ERROR;
				CLANG_WARN_DOCUMENTATION_COMMENTS = YES;
				CLANG_WARN_EMPTY_BODY = YES;
				CLANG_WARN_ENUM_CONVERSION = YES;
				CLANG_WARN_INFINITE_RECURSION = YES;
				CLANG_WARN_INT_CONVERSION = YES;
				CLANG_WARN_NON_LITERAL_NULL_CONVERSION = YES;
				CLANG_WARN_OBJC_IMPLICIT_RETAIN_SELF = YES;
				CLANG_WARN_OBJC_LITERAL_CONVERSION = YES;
				CLANG_WARN_OBJC_ROOT_CLASS = YES_ERROR;
				CLANG_WARN_QUOTED_INCLUDE_IN_FRAMEWORK_HEADER = YES;
				CLANG_WARN_RANGE_LOOP_ANALYSIS = YES;
				CLANG_WARN_STRICT_PROTOTYPES = YES;
				CLANG_WARN_SUSPICIOUS_MOVE = YES;
				CLANG_WARN_UNGUARDED_AVAILABILITY = YES_AGGRESSIVE;
				CLANG_WARN_UNREACHABLE_CODE = YES;
				CLANG_WARN__DUPLICATE_METHOD_MATCH = YES;
				COPY_PHASE_STRIP = NO;
				DEBUG_INFORMATION_FORMAT = dwarf;
				ENABLE_STRICT_OBJC_MSGSEND = YES;
				ENABLE_TESTABILITY = YES;
				ENABLE_USER_SCRIPT_SANDBOXING = YES;
				GCC_C_LANGUAGE_STANDARD = gnu17;
				GCC_DYNAMIC_NO_PIC = NO;
				GCC_NO_COMMON_BLOCKS = YES;
				GCC_OPTIMIZATION_LEVEL = 0;
				GCC_PREPROCESSOR_DEFINITIONS = (
					"DEBUG=1",
					"$(inherited)",
				);
				GCC_WARN_64_TO_32_BIT_CONVERSION = YES;
				GCC_WARN_ABOUT_RETURN_TYPE = YES_ERROR;
				GCC_WARN_UNDECLARED_SELECTOR = YES;
				GCC_WARN_UNINITIALIZED_AUTOS = YES_AGGRESSIVE;
				GCC_WARN_UNUSED_FUNCTION = YES;
				GCC_WARN_UNUSED_VARIABLE = YES;
				IPHONEOS_DEPLOYMENT_TARGET = 17.5;
				LOCALIZATION_PREFERS_STRING_CATALOGS = YES;
				MTL_ENABLE_DEBUG_INFO = INCLUDE_SOURCE;
				MTL_FAST_MATH = YES;
				ONLY_ACTIVE_ARCH = YES;
				SDKROOT = iphoneos;
				SWIFT_ACTIVE_COMPILATION_CONDITIONS = "DEBUG $(inherited)";
				SWIFT_OPTIMIZATION_LEVEL = "-Onone";
			};
			name = Debug;
		};
		34D916EB2C5D36BC00A8662C /* Release */ = {
			isa = XCBuildConfiguration;
			buildSettings = {
				ALWAYS_SEARCH_USER_PATHS = NO;
				ASSETCATALOG_COMPILER_GENERATE_SWIFT_ASSET_SYMBOL_EXTENSIONS = YES;
				CLANG_ANALYZER_NONNULL = YES;
				CLANG_ANALYZER_NUMBER_OBJECT_CONVERSION = YES_AGGRESSIVE;
				CLANG_CXX_LANGUAGE_STANDARD = "gnu++20";
				CLANG_ENABLE_MODULES = YES;
				CLANG_ENABLE_OBJC_ARC = YES;
				CLANG_ENABLE_OBJC_WEAK = YES;
				CLANG_WARN_BLOCK_CAPTURE_AUTORELEASING = YES;
				CLANG_WARN_BOOL_CONVERSION = YES;
				CLANG_WARN_COMMA = YES;
				CLANG_WARN_CONSTANT_CONVERSION = YES;
				CLANG_WARN_DEPRECATED_OBJC_IMPLEMENTATIONS = YES;
				CLANG_WARN_DIRECT_OBJC_ISA_USAGE = YES_ERROR;
				CLANG_WARN_DOCUMENTATION_COMMENTS = YES;
				CLANG_WARN_EMPTY_BODY = YES;
				CLANG_WARN_ENUM_CONVERSION = YES;
				CLANG_WARN_INFINITE_RECURSION = YES;
				CLANG_WARN_INT_CONVERSION = YES;
				CLANG_WARN_NON_LITERAL_NULL_CONVERSION = YES;
				CLANG_WARN_OBJC_IMPLICIT_RETAIN_SELF = YES;
				CLANG_WARN_OBJC_LITERAL_CONVERSION = YES;
				CLANG_WARN_OBJC_ROOT_CLASS = YES_ERROR;
				CLANG_WARN_QUOTED_INCLUDE_IN_FRAMEWORK_HEADER = YES;
				CLANG_WARN_RANGE_LOOP_ANALYSIS = YES;
				CLANG_WARN_STRICT_PROTOTYPES = YES;
				CLANG_WARN_SUSPICIOUS_MOVE = YES;
				CLANG_WARN_UNGUARDED_AVAILABILITY = YES_AGGRESSIVE;
				CLANG_WARN_UNREACHABLE_CODE = YES;
				CLANG_WARN__DUPLICATE_METHOD_MATCH = YES;
				COPY_PHASE_STRIP = NO;
				DEBUG_INFORMATION_FORMAT = "dwarf-with-dsym";
				ENABLE_NS_ASSERTIONS = NO;
				ENABLE_STRICT_OBJC_MSGSEND = YES;
				ENABLE_USER_SCRIPT_SANDBOXING = YES;
				GCC_C_LANGUAGE_STANDARD = gnu17;
				GCC_NO_COMMON_BLOCKS = YES;
				GCC_WARN_64_TO_32_BIT_CONVERSION = YES;
				GCC_WARN_ABOUT_RETURN_TYPE = YES_ERROR;
				GCC_WARN_UNDECLARED_SELECTOR = YES;
				GCC_WARN_UNINITIALIZED_AUTOS = YES_AGGRESSIVE;
				GCC_WARN_UNUSED_FUNCTION = YES;
				GCC_WARN_UNUSED_VARIABLE = YES;
				IPHONEOS_DEPLOYMENT_TARGET = 17.5;
				LOCALIZATION_PREFERS_STRING_CATALOGS = YES;
				MTL_ENABLE_DEBUG_INFO = NO;
				MTL_FAST_MATH = YES;
				SDKROOT = iphoneos;
				SWIFT_COMPILATION_MODE = wholemodule;
				VALIDATE_PRODUCT = YES;
			};
			name = Release;
		};
		34D916ED2C5D36BC00A8662C /* Debug */ = {
			isa = XCBuildConfiguration;
			buildSettings = {
				ASSETCATALOG_COMPILER_APPICON_NAME = AppIcon;
				ASSETCATALOG_COMPILER_GLOBAL_ACCENT_COLOR_NAME = AccentColor;
				CODE_SIGN_STYLE = Automatic;
				CURRENT_PROJECT_VERSION = 1;
				DEVELOPMENT_ASSET_PATHS = "\"SpotifyMock/Preview Content\"";
				DEVELOPMENT_TEAM = 4XAMG487KR;
				ENABLE_PREVIEWS = YES;
				GENERATE_INFOPLIST_FILE = YES;
				INFOPLIST_KEY_CFBundleDisplayName = Spotleflix;
				INFOPLIST_KEY_UIApplicationSceneManifest_Generation = YES;
				INFOPLIST_KEY_UIApplicationSupportsIndirectInputEvents = YES;
				INFOPLIST_KEY_UILaunchScreen_Generation = YES;
				INFOPLIST_KEY_UISupportedInterfaceOrientations_iPad = "UIInterfaceOrientationPortrait UIInterfaceOrientationPortraitUpsideDown UIInterfaceOrientationLandscapeLeft UIInterfaceOrientationLandscapeRight";
				INFOPLIST_KEY_UISupportedInterfaceOrientations_iPhone = "UIInterfaceOrientationPortrait UIInterfaceOrientationLandscapeLeft UIInterfaceOrientationLandscapeRight";
				LD_RUNPATH_SEARCH_PATHS = (
					"$(inherited)",
					"@executable_path/Frameworks",
				);
				MARKETING_VERSION = 1.0;
				PRODUCT_BUNDLE_IDENTIFIER = com.quarantasis.SpotifyMock;
				PRODUCT_NAME = "$(TARGET_NAME)";
				SWIFT_EMIT_LOC_STRINGS = YES;
				SWIFT_VERSION = 5.0;
				TARGETED_DEVICE_FAMILY = "1,2";
			};
			name = Debug;
		};
		34D916EE2C5D36BC00A8662C /* Release */ = {
			isa = XCBuildConfiguration;
			buildSettings = {
				ASSETCATALOG_COMPILER_APPICON_NAME = AppIcon;
				ASSETCATALOG_COMPILER_GLOBAL_ACCENT_COLOR_NAME = AccentColor;
				CODE_SIGN_STYLE = Automatic;
				CURRENT_PROJECT_VERSION = 1;
				DEVELOPMENT_ASSET_PATHS = "\"SpotifyMock/Preview Content\"";
				DEVELOPMENT_TEAM = 4XAMG487KR;
				ENABLE_PREVIEWS = YES;
				GENERATE_INFOPLIST_FILE = YES;
				INFOPLIST_KEY_CFBundleDisplayName = Spotleflix;
				INFOPLIST_KEY_UIApplicationSceneManifest_Generation = YES;
				INFOPLIST_KEY_UIApplicationSupportsIndirectInputEvents = YES;
				INFOPLIST_KEY_UILaunchScreen_Generation = YES;
				INFOPLIST_KEY_UISupportedInterfaceOrientations_iPad = "UIInterfaceOrientationPortrait UIInterfaceOrientationPortraitUpsideDown UIInterfaceOrientationLandscapeLeft UIInterfaceOrientationLandscapeRight";
				INFOPLIST_KEY_UISupportedInterfaceOrientations_iPhone = "UIInterfaceOrientationPortrait UIInterfaceOrientationLandscapeLeft UIInterfaceOrientationLandscapeRight";
				LD_RUNPATH_SEARCH_PATHS = (
					"$(inherited)",
					"@executable_path/Frameworks",
				);
				MARKETING_VERSION = 1.0;
				PRODUCT_BUNDLE_IDENTIFIER = com.quarantasis.SpotifyMock;
				PRODUCT_NAME = "$(TARGET_NAME)";
				SWIFT_EMIT_LOC_STRINGS = YES;
				SWIFT_VERSION = 5.0;
				TARGETED_DEVICE_FAMILY = "1,2";
			};
			name = Release;
		};
/* End XCBuildConfiguration section */

/* Begin XCConfigurationList section */
		34D916D92C5D36BB00A8662C /* Build configuration list for PBXProject "SpotifyMock" */ = {
			isa = XCConfigurationList;
			buildConfigurations = (
				34D916EA2C5D36BC00A8662C /* Debug */,
				34D916EB2C5D36BC00A8662C /* Release */,
			);
			defaultConfigurationIsVisible = 0;
			defaultConfigurationName = Release;
		};
		34D916EC2C5D36BC00A8662C /* Build configuration list for PBXNativeTarget "SpotifyMock" */ = {
			isa = XCConfigurationList;
			buildConfigurations = (
				34D916ED2C5D36BC00A8662C /* Debug */,
				34D916EE2C5D36BC00A8662C /* Release */,
			);
			defaultConfigurationIsVisible = 0;
			defaultConfigurationName = Release;
		};
/* End XCConfigurationList section */

/* Begin XCRemoteSwiftPackageReference section */
		34D916EF2C5D37A500A8662C /* XCRemoteSwiftPackageReference "SDWebImageSwiftUI" */ = {
			isa = XCRemoteSwiftPackageReference;
			repositoryURL = "https://github.com/SDWebImage/SDWebImageSwiftUI.git";
			requirement = {
				kind = upToNextMajorVersion;
				minimumVersion = 3.1.1;
			};
		};
		34D916FD2C5D3FC500A8662C /* XCRemoteSwiftPackageReference "SwiftfulUI" */ = {
			isa = XCRemoteSwiftPackageReference;
			repositoryURL = "https://github.com/SwiftfulThinking/SwiftfulUI.git";
			requirement = {
				kind = upToNextMajorVersion;
				minimumVersion = 1.2.0;
			};
		};
		34D917002C5D3FE100A8662C /* XCRemoteSwiftPackageReference "SwiftfulRouting" */ = {
			isa = XCRemoteSwiftPackageReference;
			repositoryURL = "https://github.com/SwiftfulThinking/SwiftfulRouting.git";
			requirement = {
				kind = upToNextMajorVersion;
				minimumVersion = 5.3.5;
			};
		};
/* End XCRemoteSwiftPackageReference section */

/* Begin XCSwiftPackageProductDependency section */
		34D916F02C5D37A500A8662C /* SDWebImageSwiftUI */ = {
			isa = XCSwiftPackageProductDependency;
			package = 34D916EF2C5D37A500A8662C /* XCRemoteSwiftPackageReference "SDWebImageSwiftUI" */;
			productName = SDWebImageSwiftUI;
		};
		34D916FE2C5D3FC500A8662C /* SwiftfulUI */ = {
			isa = XCSwiftPackageProductDependency;
			package = 34D916FD2C5D3FC500A8662C /* XCRemoteSwiftPackageReference "SwiftfulUI" */;
			productName = SwiftfulUI;
		};
		34D917012C5D3FE100A8662C /* SwiftfulRouting */ = {
			isa = XCSwiftPackageProductDependency;
			package = 34D917002C5D3FE100A8662C /* XCRemoteSwiftPackageReference "SwiftfulRouting" */;
			productName = SwiftfulRouting;
		};
/* End XCSwiftPackageProductDependency section */
	};
	rootObject = 34D916D62C5D36BB00A8662C /* Project object */;
}
